
Microsoft Visual Studio Solution File, Format Version 12.00
# Visual Studio Version 17
VisualStudioVersion = 17.14.36310.24 d17.14
MinimumVisualStudioVersion = 10.0.40219.1
Project("{FAE04EC0-301F-11D3-BF4B-00C04F79EFBC}") = "HR", "HR\HR.csproj", "{9BD2C8BD-B33C-4DC8-97BC-5845D64BBD0C}"
EndProject
Global
	GlobalSection(SolutionConfigurationPlatforms) = preSolution
		Debug|Any CPU = Debug|Any CPU
		Release|Any CPU = Release|Any CPU
	EndGlobalSection
	GlobalSection(ProjectConfigurationPlatforms) = postSolution
		{9BD2C8BD-B33C-4DC8-97BC-5845D64BBD0C}.Debug|Any CPU.ActiveCfg = Debug|Any CPU
		{9BD2C8BD-B33C-4DC8-97BC-5845D64BBD0C}.Debug|Any CPU.Build.0 = Debug|Any CPU
		{9BD2C8BD-B33C-4DC8-97BC-5845D64BBD0C}.Release|Any CPU.ActiveCfg = Release|Any CPU
		{9BD2C8BD-B33C-4DC8-97BC-5845D64BBD0C}.Release|Any CPU.Build.0 = Release|Any CPU
	EndGlobalSection
	GlobalSection(SolutionProperties) = preSolution
		HideSolutionNode = FALSE
	EndGlobalSection
	GlobalSection(ExtensibilityGlobals) = postSolution
		SolutionGuid = {B8A8381A-ACFA-4299-B7E9-4B9F6CC69D8F}
	EndGlobalSection
EndGlobal
